// !$*UTF8*$!
{
	archiveVersion = 1;
	classes = {
	};
	objectVersion = 46;
	objects = {

/* Begin PBXBuildFile section */
		03419DDE3F5D489AAAEF308B /* libPods.a in Frameworks */ = {isa = PBXBuildFile; fileRef = A764F92976B34784BA1492F9 /* libPods.a */; };
		1A1751AE195F1ED9007602D6 /* NSDictionary+SML.m in Sources */ = {isa = PBXBuildFile; fileRef = 1A1751AD195F1ED9007602D6 /* NSDictionary+SML.m */; };
		1A1790E01929162B0069A64D /* CoreData.framework in Frameworks */ = {isa = PBXBuildFile; fileRef = 1A1790DF1929162B0069A64D /* CoreData.framework */; };
		1A1790E3192916440069A64D /* SimpleRSS.xcdatamodeld in Sources */ = {isa = PBXBuildFile; fileRef = 1A1790E1192916440069A64D /* SimpleRSS.xcdatamodeld */; };
		1A1790E71929179C0069A64D /* SMLDataController.m in Sources */ = {isa = PBXBuildFile; fileRef = 1A1790E61929179C0069A64D /* SMLDataController.m */; };
		1A1790FB19292ADD0069A64D /* _RSSFeed.m in Sources */ = {isa = PBXBuildFile; fileRef = 1A1790F819292ADD0069A64D /* _RSSFeed.m */; };
		1A1790FC19292ADD0069A64D /* _RSSItem.m in Sources */ = {isa = PBXBuildFile; fileRef = 1A1790FA19292ADD0069A64D /* _RSSItem.m */; };
		1A17910219292AE90069A64D /* RSSFeed.m in Sources */ = {isa = PBXBuildFile; fileRef = 1A1790FF19292AE90069A64D /* RSSFeed.m */; };
		1A17910319292AE90069A64D /* RSSItem.m in Sources */ = {isa = PBXBuildFile; fileRef = 1A17910119292AE90069A64D /* RSSItem.m */; };
		1A1BC84619268BC70080B22C /* Foundation.framework in Frameworks */ = {isa = PBXBuildFile; fileRef = 1A1BC84519268BC70080B22C /* Foundation.framework */; };
		1A1BC84819268BC70080B22C /* CoreGraphics.framework in Frameworks */ = {isa = PBXBuildFile; fileRef = 1A1BC84719268BC70080B22C /* CoreGraphics.framework */; };
		1A1BC84A19268BC70080B22C /* UIKit.framework in Frameworks */ = {isa = PBXBuildFile; fileRef = 1A1BC84919268BC70080B22C /* UIKit.framework */; };
		1A1BC85019268BC70080B22C /* InfoPlist.strings in Resources */ = {isa = PBXBuildFile; fileRef = 1A1BC84E19268BC70080B22C /* InfoPlist.strings */; };
		1A1BC85219268BC70080B22C /* main.m in Sources */ = {isa = PBXBuildFile; fileRef = 1A1BC85119268BC70080B22C /* main.m */; };
		1A1BC85619268BC70080B22C /* SMLAppDelegate.m in Sources */ = {isa = PBXBuildFile; fileRef = 1A1BC85519268BC70080B22C /* SMLAppDelegate.m */; };
		1A1BC85919268BC70080B22C /* Main.storyboard in Resources */ = {isa = PBXBuildFile; fileRef = 1A1BC85719268BC70080B22C /* Main.storyboard */; };
		1A1BC86119268BC80080B22C /* Images.xcassets in Resources */ = {isa = PBXBuildFile; fileRef = 1A1BC86019268BC80080B22C /* Images.xcassets */; };
		1A1BC86819268BC80080B22C /* XCTest.framework in Frameworks */ = {isa = PBXBuildFile; fileRef = 1A1BC86719268BC80080B22C /* XCTest.framework */; };
		1A1BC86919268BC80080B22C /* Foundation.framework in Frameworks */ = {isa = PBXBuildFile; fileRef = 1A1BC84519268BC70080B22C /* Foundation.framework */; };
		1A1BC86A19268BC80080B22C /* UIKit.framework in Frameworks */ = {isa = PBXBuildFile; fileRef = 1A1BC84919268BC70080B22C /* UIKit.framework */; };
		1A1BC87219268BC80080B22C /* InfoPlist.strings in Resources */ = {isa = PBXBuildFile; fileRef = 1A1BC87019268BC80080B22C /* InfoPlist.strings */; };
		1A1BC87419268BC80080B22C /* SimpleRSSTests.m in Sources */ = {isa = PBXBuildFile; fileRef = 1A1BC87319268BC80080B22C /* SimpleRSSTests.m */; };
		1A1BC88F192751360080B22C /* NSDate+SML.m in Sources */ = {isa = PBXBuildFile; fileRef = 1A1BC88E192751360080B22C /* NSDate+SML.m */; };
		1A1BC89219276CE80080B22C /* UIFont+SML.m in Sources */ = {isa = PBXBuildFile; fileRef = 1A1BC89119276CE80080B22C /* UIFont+SML.m */; };
		1A1BC89519276FF70080B22C /* UILabel+SML.m in Sources */ = {isa = PBXBuildFile; fileRef = 1A1BC89419276FF70080B22C /* UILabel+SML.m */; };
		1A1F806D1927E0C9004546BA /* SMLAddFeedTableViewController.m in Sources */ = {isa = PBXBuildFile; fileRef = 1A1F806C1927E0C9004546BA /* SMLAddFeedTableViewController.m */; };
		1A1F8078192819A0004546BA /* GTMNSString+HTML.m in Sources */ = {isa = PBXBuildFile; fileRef = 1A1F8075192819A0004546BA /* GTMNSString+HTML.m */; };
		1A1F8079192819A0004546BA /* NSString+HTML.m in Sources */ = {isa = PBXBuildFile; fileRef = 1A1F8077192819A0004546BA /* NSString+HTML.m */; };
		1A1F80801928B361004546BA /* SMLNavigationItem.m in Sources */ = {isa = PBXBuildFile; fileRef = 1A1F807F1928B361004546BA /* SMLNavigationItem.m */; };
		1A1F80831928B5E8004546BA /* SMLNavigationBar.m in Sources */ = {isa = PBXBuildFile; fileRef = 1A1F80821928B5E8004546BA /* SMLNavigationBar.m */; };
		1A22209419668C9D00572DC5 /* UIColor+SML.m in Sources */ = {isa = PBXBuildFile; fileRef = 1A22209319668C9D00572DC5 /* UIColor+SML.m */; };
		1A54FC9E19C344C50063EC63 /* SMLArticleViewController.m in Sources */ = {isa = PBXBuildFile; fileRef = 1A54FC9D19C344C50063EC63 /* SMLArticleViewController.m */; };
		1A5C651B19C22C140054CAF6 /* SMLWebViewController.m in Sources */ = {isa = PBXBuildFile; fileRef = 1A5C651A19C22C140054CAF6 /* SMLWebViewController.m */; };
		1A800ADA192C6F5D00FFA05F /* SearchCell.xib in Resources */ = {isa = PBXBuildFile; fileRef = 1A800AD9192C6F5D00FFA05F /* SearchCell.xib */; };
		1A89A739192A6975008FC3AB /* SMLFetchedResultsControllerDataSource.m in Sources */ = {isa = PBXBuildFile; fileRef = 1A89A738192A6975008FC3AB /* SMLFetchedResultsControllerDataSource.m */; };
		1AA8000719C3574200141C8E /* SMLArticleTitleLabel.m in Sources */ = {isa = PBXBuildFile; fileRef = 1AA8000619C3574200141C8E /* SMLArticleTitleLabel.m */; };
		1AA8000A19C3579700141C8E /* SMLArticleTextLabel.m in Sources */ = {isa = PBXBuildFile; fileRef = 1AA8000919C3579700141C8E /* SMLArticleTextLabel.m */; };
		1AF8FF071927A1A80003C313 /* SMLFeedItemsTableViewController.m in Sources */ = {isa = PBXBuildFile; fileRef = 1AF8FF061927A1A80003C313 /* SMLFeedItemsTableViewController.m */; };
		1AF8FF0A1927A1F10003C313 /* SMLFeedsManagerTableViewController.m in Sources */ = {isa = PBXBuildFile; fileRef = 1AF8FF091927A1F10003C313 /* SMLFeedsManagerTableViewController.m */; };
/* End PBXBuildFile section */

/* Begin PBXContainerItemProxy section */
		1A1BC86B19268BC80080B22C /* PBXContainerItemProxy */ = {
			isa = PBXContainerItemProxy;
			containerPortal = 1A1BC83A19268BC70080B22C /* Project object */;
			proxyType = 1;
			remoteGlobalIDString = 1A1BC84119268BC70080B22C;
			remoteInfo = SimpleRSS;
		};
/* End PBXContainerItemProxy section */

/* Begin PBXFileReference section */
		1A1751AC195F1ED9007602D6 /* NSDictionary+SML.h */ = {isa = PBXFileReference; fileEncoding = 4; lastKnownFileType = sourcecode.c.h; path = "NSDictionary+SML.h"; sourceTree = "<group>"; };
		1A1751AD195F1ED9007602D6 /* NSDictionary+SML.m */ = {isa = PBXFileReference; fileEncoding = 4; lastKnownFileType = sourcecode.c.objc; path = "NSDictionary+SML.m"; sourceTree = "<group>"; };
		1A1790DF1929162B0069A64D /* CoreData.framework */ = {isa = PBXFileReference; lastKnownFileType = wrapper.framework; name = CoreData.framework; path = System/Library/Frameworks/CoreData.framework; sourceTree = SDKROOT; };
		1A1790E2192916440069A64D /* SimpleRSS.xcdatamodel */ = {isa = PBXFileReference; lastKnownFileType = wrapper.xcdatamodel; path = SimpleRSS.xcdatamodel; sourceTree = "<group>"; };
		1A1790E51929179C0069A64D /* SMLDataController.h */ = {isa = PBXFileReference; fileEncoding = 4; lastKnownFileType = sourcecode.c.h; path = SMLDataController.h; sourceTree = "<group>"; };
		1A1790E61929179C0069A64D /* SMLDataController.m */ = {isa = PBXFileReference; fileEncoding = 4; lastKnownFileType = sourcecode.c.objc; path = SMLDataController.m; sourceTree = "<group>"; };
		1A1790F719292ADD0069A64D /* _RSSFeed.h */ = {isa = PBXFileReference; fileEncoding = 4; lastKnownFileType = sourcecode.c.h; path = _RSSFeed.h; sourceTree = "<group>"; };
		1A1790F819292ADD0069A64D /* _RSSFeed.m */ = {isa = PBXFileReference; fileEncoding = 4; lastKnownFileType = sourcecode.c.objc; path = _RSSFeed.m; sourceTree = "<group>"; };
		1A1790F919292ADD0069A64D /* _RSSItem.h */ = {isa = PBXFileReference; fileEncoding = 4; lastKnownFileType = sourcecode.c.h; path = _RSSItem.h; sourceTree = "<group>"; };
		1A1790FA19292ADD0069A64D /* _RSSItem.m */ = {isa = PBXFileReference; fileEncoding = 4; lastKnownFileType = sourcecode.c.objc; path = _RSSItem.m; sourceTree = "<group>"; };
		1A1790FE19292AE90069A64D /* RSSFeed.h */ = {isa = PBXFileReference; fileEncoding = 4; lastKnownFileType = sourcecode.c.h; path = RSSFeed.h; sourceTree = "<group>"; };
		1A1790FF19292AE90069A64D /* RSSFeed.m */ = {isa = PBXFileReference; fileEncoding = 4; lastKnownFileType = sourcecode.c.objc; path = RSSFeed.m; sourceTree = "<group>"; };
		1A17910019292AE90069A64D /* RSSItem.h */ = {isa = PBXFileReference; fileEncoding = 4; lastKnownFileType = sourcecode.c.h; path = RSSItem.h; sourceTree = "<group>"; };
		1A17910119292AE90069A64D /* RSSItem.m */ = {isa = PBXFileReference; fileEncoding = 4; lastKnownFileType = sourcecode.c.objc; path = RSSItem.m; sourceTree = "<group>"; };
		1A1BC84219268BC70080B22C /* SimpleRSS.app */ = {isa = PBXFileReference; explicitFileType = wrapper.application; includeInIndex = 0; path = SimpleRSS.app; sourceTree = BUILT_PRODUCTS_DIR; };
		1A1BC84519268BC70080B22C /* Foundation.framework */ = {isa = PBXFileReference; lastKnownFileType = wrapper.framework; name = Foundation.framework; path = System/Library/Frameworks/Foundation.framework; sourceTree = SDKROOT; };
		1A1BC84719268BC70080B22C /* CoreGraphics.framework */ = {isa = PBXFileReference; lastKnownFileType = wrapper.framework; name = CoreGraphics.framework; path = System/Library/Frameworks/CoreGraphics.framework; sourceTree = SDKROOT; };
		1A1BC84919268BC70080B22C /* UIKit.framework */ = {isa = PBXFileReference; lastKnownFileType = wrapper.framework; name = UIKit.framework; path = System/Library/Frameworks/UIKit.framework; sourceTree = SDKROOT; };
		1A1BC84D19268BC70080B22C /* SimpleRSS-Info.plist */ = {isa = PBXFileReference; lastKnownFileType = text.plist.xml; path = "SimpleRSS-Info.plist"; sourceTree = "<group>"; };
		1A1BC84F19268BC70080B22C /* en */ = {isa = PBXFileReference; lastKnownFileType = text.plist.strings; name = en; path = en.lproj/InfoPlist.strings; sourceTree = "<group>"; };
		1A1BC85119268BC70080B22C /* main.m */ = {isa = PBXFileReference; lastKnownFileType = sourcecode.c.objc; path = main.m; sourceTree = "<group>"; };
		1A1BC85319268BC70080B22C /* SimpleRSS-Prefix.pch */ = {isa = PBXFileReference; lastKnownFileType = sourcecode.c.h; path = "SimpleRSS-Prefix.pch"; sourceTree = "<group>"; };
		1A1BC85419268BC70080B22C /* SMLAppDelegate.h */ = {isa = PBXFileReference; lastKnownFileType = sourcecode.c.h; path = SMLAppDelegate.h; sourceTree = "<group>"; };
		1A1BC85519268BC70080B22C /* SMLAppDelegate.m */ = {isa = PBXFileReference; lastKnownFileType = sourcecode.c.objc; path = SMLAppDelegate.m; sourceTree = "<group>"; };
		1A1BC85819268BC70080B22C /* Base */ = {isa = PBXFileReference; lastKnownFileType = file.storyboard; name = Base; path = Base.lproj/Main.storyboard; sourceTree = "<group>"; };
		1A1BC86019268BC80080B22C /* Images.xcassets */ = {isa = PBXFileReference; lastKnownFileType = folder.assetcatalog; path = Images.xcassets; sourceTree = "<group>"; };
		1A1BC86619268BC80080B22C /* SimpleRSSTests.xctest */ = {isa = PBXFileReference; explicitFileType = wrapper.cfbundle; includeInIndex = 0; path = SimpleRSSTests.xctest; sourceTree = BUILT_PRODUCTS_DIR; };
		1A1BC86719268BC80080B22C /* XCTest.framework */ = {isa = PBXFileReference; lastKnownFileType = wrapper.framework; name = XCTest.framework; path = Library/Frameworks/XCTest.framework; sourceTree = DEVELOPER_DIR; };
		1A1BC86F19268BC80080B22C /* SimpleRSSTests-Info.plist */ = {isa = PBXFileReference; lastKnownFileType = text.plist.xml; path = "SimpleRSSTests-Info.plist"; sourceTree = "<group>"; };
		1A1BC87119268BC80080B22C /* en */ = {isa = PBXFileReference; lastKnownFileType = text.plist.strings; name = en; path = en.lproj/InfoPlist.strings; sourceTree = "<group>"; };
		1A1BC87319268BC80080B22C /* SimpleRSSTests.m */ = {isa = PBXFileReference; lastKnownFileType = sourcecode.c.objc; path = SimpleRSSTests.m; sourceTree = "<group>"; };
		1A1BC88D192751360080B22C /* NSDate+SML.h */ = {isa = PBXFileReference; fileEncoding = 4; lastKnownFileType = sourcecode.c.h; path = "NSDate+SML.h"; sourceTree = "<group>"; };
		1A1BC88E192751360080B22C /* NSDate+SML.m */ = {isa = PBXFileReference; fileEncoding = 4; lastKnownFileType = sourcecode.c.objc; path = "NSDate+SML.m"; sourceTree = "<group>"; };
		1A1BC89019276CE80080B22C /* UIFont+SML.h */ = {isa = PBXFileReference; fileEncoding = 4; lastKnownFileType = sourcecode.c.h; path = "UIFont+SML.h"; sourceTree = "<group>"; };
		1A1BC89119276CE80080B22C /* UIFont+SML.m */ = {isa = PBXFileReference; fileEncoding = 4; lastKnownFileType = sourcecode.c.objc; path = "UIFont+SML.m"; sourceTree = "<group>"; };
		1A1BC89319276FF70080B22C /* UILabel+SML.h */ = {isa = PBXFileReference; fileEncoding = 4; lastKnownFileType = sourcecode.c.h; path = "UILabel+SML.h"; sourceTree = "<group>"; };
		1A1BC89419276FF70080B22C /* UILabel+SML.m */ = {isa = PBXFileReference; fileEncoding = 4; lastKnownFileType = sourcecode.c.objc; path = "UILabel+SML.m"; sourceTree = "<group>"; };
		1A1F806B1927E0C9004546BA /* SMLAddFeedTableViewController.h */ = {isa = PBXFileReference; fileEncoding = 4; lastKnownFileType = sourcecode.c.h; path = SMLAddFeedTableViewController.h; sourceTree = "<group>"; };
		1A1F806C1927E0C9004546BA /* SMLAddFeedTableViewController.m */ = {isa = PBXFileReference; fileEncoding = 4; lastKnownFileType = sourcecode.c.objc; path = SMLAddFeedTableViewController.m; sourceTree = "<group>"; };
		1A1F8074192819A0004546BA /* GTMNSString+HTML.h */ = {isa = PBXFileReference; fileEncoding = 4; lastKnownFileType = sourcecode.c.h; path = "GTMNSString+HTML.h"; sourceTree = "<group>"; };
		1A1F8075192819A0004546BA /* GTMNSString+HTML.m */ = {isa = PBXFileReference; fileEncoding = 4; lastKnownFileType = sourcecode.c.objc; path = "GTMNSString+HTML.m"; sourceTree = "<group>"; };
		1A1F8076192819A0004546BA /* NSString+HTML.h */ = {isa = PBXFileReference; fileEncoding = 4; lastKnownFileType = sourcecode.c.h; path = "NSString+HTML.h"; sourceTree = "<group>"; };
		1A1F8077192819A0004546BA /* NSString+HTML.m */ = {isa = PBXFileReference; fileEncoding = 4; lastKnownFileType = sourcecode.c.objc; path = "NSString+HTML.m"; sourceTree = "<group>"; };
		1A1F807E1928B361004546BA /* SMLNavigationItem.h */ = {isa = PBXFileReference; fileEncoding = 4; lastKnownFileType = sourcecode.c.h; path = SMLNavigationItem.h; sourceTree = "<group>"; };
		1A1F807F1928B361004546BA /* SMLNavigationItem.m */ = {isa = PBXFileReference; fileEncoding = 4; lastKnownFileType = sourcecode.c.objc; path = SMLNavigationItem.m; sourceTree = "<group>"; };
		1A1F80811928B5E8004546BA /* SMLNavigationBar.h */ = {isa = PBXFileReference; fileEncoding = 4; lastKnownFileType = sourcecode.c.h; path = SMLNavigationBar.h; sourceTree = "<group>"; };
		1A1F80821928B5E8004546BA /* SMLNavigationBar.m */ = {isa = PBXFileReference; fileEncoding = 4; lastKnownFileType = sourcecode.c.objc; path = SMLNavigationBar.m; sourceTree = "<group>"; };
		1A22209219668C9D00572DC5 /* UIColor+SML.h */ = {isa = PBXFileReference; fileEncoding = 4; lastKnownFileType = sourcecode.c.h; path = "UIColor+SML.h"; sourceTree = "<group>"; };
		1A22209319668C9D00572DC5 /* UIColor+SML.m */ = {isa = PBXFileReference; fileEncoding = 4; lastKnownFileType = sourcecode.c.objc; path = "UIColor+SML.m"; sourceTree = "<group>"; };
		1A54FC9C19C344C50063EC63 /* SMLArticleViewController.h */ = {isa = PBXFileReference; fileEncoding = 4; lastKnownFileType = sourcecode.c.h; path = SMLArticleViewController.h; sourceTree = "<group>"; };
		1A54FC9D19C344C50063EC63 /* SMLArticleViewController.m */ = {isa = PBXFileReference; fileEncoding = 4; lastKnownFileType = sourcecode.c.objc; path = SMLArticleViewController.m; sourceTree = "<group>"; };
		1A5C651919C22C140054CAF6 /* SMLWebViewController.h */ = {isa = PBXFileReference; fileEncoding = 4; lastKnownFileType = sourcecode.c.h; path = SMLWebViewController.h; sourceTree = "<group>"; };
		1A5C651A19C22C140054CAF6 /* SMLWebViewController.m */ = {isa = PBXFileReference; fileEncoding = 4; lastKnownFileType = sourcecode.c.objc; path = SMLWebViewController.m; sourceTree = "<group>"; };
		1A800AD9192C6F5D00FFA05F /* SearchCell.xib */ = {isa = PBXFileReference; fileEncoding = 4; lastKnownFileType = file.xib; path = SearchCell.xib; sourceTree = "<group>"; };
		1A89A737192A6975008FC3AB /* SMLFetchedResultsControllerDataSource.h */ = {isa = PBXFileReference; fileEncoding = 4; lastKnownFileType = sourcecode.c.h; path = SMLFetchedResultsControllerDataSource.h; sourceTree = "<group>"; };
		1A89A738192A6975008FC3AB /* SMLFetchedResultsControllerDataSource.m */ = {isa = PBXFileReference; fileEncoding = 4; lastKnownFileType = sourcecode.c.objc; path = SMLFetchedResultsControllerDataSource.m; sourceTree = "<group>"; };
		1AA8000519C3574200141C8E /* SMLArticleTitleLabel.h */ = {isa = PBXFileReference; fileEncoding = 4; lastKnownFileType = sourcecode.c.h; path = SMLArticleTitleLabel.h; sourceTree = "<group>"; };
		1AA8000619C3574200141C8E /* SMLArticleTitleLabel.m */ = {isa = PBXFileReference; fileEncoding = 4; lastKnownFileType = sourcecode.c.objc; path = SMLArticleTitleLabel.m; sourceTree = "<group>"; };
		1AA8000819C3579700141C8E /* SMLArticleTextLabel.h */ = {isa = PBXFileReference; fileEncoding = 4; lastKnownFileType = sourcecode.c.h; path = SMLArticleTextLabel.h; sourceTree = "<group>"; };
		1AA8000919C3579700141C8E /* SMLArticleTextLabel.m */ = {isa = PBXFileReference; fileEncoding = 4; lastKnownFileType = sourcecode.c.objc; path = SMLArticleTextLabel.m; sourceTree = "<group>"; };
		1AF8FF051927A1A80003C313 /* SMLFeedItemsTableViewController.h */ = {isa = PBXFileReference; fileEncoding = 4; lastKnownFileType = sourcecode.c.h; path = SMLFeedItemsTableViewController.h; sourceTree = "<group>"; };
		1AF8FF061927A1A80003C313 /* SMLFeedItemsTableViewController.m */ = {isa = PBXFileReference; fileEncoding = 4; lastKnownFileType = sourcecode.c.objc; path = SMLFeedItemsTableViewController.m; sourceTree = "<group>"; };
		1AF8FF081927A1F10003C313 /* SMLFeedsManagerTableViewController.h */ = {isa = PBXFileReference; fileEncoding = 4; lastKnownFileType = sourcecode.c.h; path = SMLFeedsManagerTableViewController.h; sourceTree = "<group>"; };
		1AF8FF091927A1F10003C313 /* SMLFeedsManagerTableViewController.m */ = {isa = PBXFileReference; fileEncoding = 4; lastKnownFileType = sourcecode.c.objc; path = SMLFeedsManagerTableViewController.m; sourceTree = "<group>"; };
		A764F92976B34784BA1492F9 /* libPods.a */ = {isa = PBXFileReference; explicitFileType = archive.ar; includeInIndex = 0; path = libPods.a; sourceTree = BUILT_PRODUCTS_DIR; };
		CE43A00891F04CEF8572E781 /* Pods.xcconfig */ = {isa = PBXFileReference; includeInIndex = 1; lastKnownFileType = text.xcconfig; name = Pods.xcconfig; path = Pods/Pods.xcconfig; sourceTree = "<group>"; };
/* End PBXFileReference section */

/* Begin PBXFrameworksBuildPhase section */
		1A1BC83F19268BC70080B22C /* Frameworks */ = {
			isa = PBXFrameworksBuildPhase;
			buildActionMask = 2147483647;
			files = (
				1A1790E01929162B0069A64D /* CoreData.framework in Frameworks */,
				1A1BC84819268BC70080B22C /* CoreGraphics.framework in Frameworks */,
				1A1BC84A19268BC70080B22C /* UIKit.framework in Frameworks */,
				1A1BC84619268BC70080B22C /* Foundation.framework in Frameworks */,
				03419DDE3F5D489AAAEF308B /* libPods.a in Frameworks */,
			);
			runOnlyForDeploymentPostprocessing = 0;
		};
		1A1BC86319268BC80080B22C /* Frameworks */ = {
			isa = PBXFrameworksBuildPhase;
			buildActionMask = 2147483647;
			files = (
				1A1BC86819268BC80080B22C /* XCTest.framework in Frameworks */,
				1A1BC86A19268BC80080B22C /* UIKit.framework in Frameworks */,
				1A1BC86919268BC80080B22C /* Foundation.framework in Frameworks */,
			);
			runOnlyForDeploymentPostprocessing = 0;
		};
/* End PBXFrameworksBuildPhase section */

/* Begin PBXGroup section */
		1A1790E41929173C0069A64D /* Common */ = {
			isa = PBXGroup;
			children = (
				1A1790E51929179C0069A64D /* SMLDataController.h */,
				1A1790E61929179C0069A64D /* SMLDataController.m */,
				1A89A737192A6975008FC3AB /* SMLFetchedResultsControllerDataSource.h */,
				1A89A738192A6975008FC3AB /* SMLFetchedResultsControllerDataSource.m */,
			);
			path = Common;
			sourceTree = "<group>";
		};
		1A1790F619292ADD0069A64D /* Entities */ = {
			isa = PBXGroup;
			children = (
				1A1790F719292ADD0069A64D /* _RSSFeed.h */,
				1A1790F819292ADD0069A64D /* _RSSFeed.m */,
				1A1790F919292ADD0069A64D /* _RSSItem.h */,
				1A1790FA19292ADD0069A64D /* _RSSItem.m */,
			);
			path = Entities;
			sourceTree = "<group>";
		};
		1A1790FD19292AE90069A64D /* ModelObjects */ = {
			isa = PBXGroup;
			children = (
				1A1790FE19292AE90069A64D /* RSSFeed.h */,
				1A1790FF19292AE90069A64D /* RSSFeed.m */,
				1A17910019292AE90069A64D /* RSSItem.h */,
				1A17910119292AE90069A64D /* RSSItem.m */,
			);
			name = ModelObjects;
			path = Model;
			sourceTree = "<group>";
		};
		1A1BC83919268BC70080B22C = {
			isa = PBXGroup;
			children = (
				1A1BC84B19268BC70080B22C /* SimpleRSS */,
				1A1BC86D19268BC80080B22C /* SimpleRSSTests */,
				1A1BC84419268BC70080B22C /* Frameworks */,
				1A1BC84319268BC70080B22C /* Products */,
				CE43A00891F04CEF8572E781 /* Pods.xcconfig */,
			);
			sourceTree = "<group>";
		};
		1A1BC84319268BC70080B22C /* Products */ = {
			isa = PBXGroup;
			children = (
				1A1BC84219268BC70080B22C /* SimpleRSS.app */,
				1A1BC86619268BC80080B22C /* SimpleRSSTests.xctest */,
			);
			name = Products;
			sourceTree = "<group>";
		};
		1A1BC84419268BC70080B22C /* Frameworks */ = {
			isa = PBXGroup;
			children = (
				1A1790DF1929162B0069A64D /* CoreData.framework */,
				1A1BC84519268BC70080B22C /* Foundation.framework */,
				1A1BC84719268BC70080B22C /* CoreGraphics.framework */,
				1A1BC84919268BC70080B22C /* UIKit.framework */,
				1A1BC86719268BC80080B22C /* XCTest.framework */,
				A764F92976B34784BA1492F9 /* libPods.a */,
			);
			name = Frameworks;
			sourceTree = "<group>";
		};
		1A1BC84B19268BC70080B22C /* SimpleRSS */ = {
			isa = PBXGroup;
			children = (
				1A800AD8192C6F4000FFA05F /* Prototypes */,
				1A1790FD19292AE90069A64D /* ModelObjects */,
				1A1790E41929173C0069A64D /* Common */,
				1A1F807A1928ABD7004546BA /* CustomViews */,
				1AF8FF041927A1A80003C313 /* ViewControllers */,
				1A1BC88B192750E90080B22C /* Extensions */,
				1A1BC85419268BC70080B22C /* SMLAppDelegate.h */,
				1A1BC85519268BC70080B22C /* SMLAppDelegate.m */,
				1A1BC85719268BC70080B22C /* Main.storyboard */,
				1A1790E1192916440069A64D /* SimpleRSS.xcdatamodeld */,
				1A1BC86019268BC80080B22C /* Images.xcassets */,
				1A1BC84C19268BC70080B22C /* Supporting Files */,
			);
			path = SimpleRSS;
			sourceTree = "<group>";
		};
		1A1BC84C19268BC70080B22C /* Supporting Files */ = {
			isa = PBXGroup;
			children = (
				1A1790F619292ADD0069A64D /* Entities */,
				1A1BC84D19268BC70080B22C /* SimpleRSS-Info.plist */,
				1A1BC84E19268BC70080B22C /* InfoPlist.strings */,
				1A1BC85119268BC70080B22C /* main.m */,
				1A1BC85319268BC70080B22C /* SimpleRSS-Prefix.pch */,
			);
			name = "Supporting Files";
			sourceTree = "<group>";
		};
		1A1BC86D19268BC80080B22C /* SimpleRSSTests */ = {
			isa = PBXGroup;
			children = (
				1A1BC87319268BC80080B22C /* SimpleRSSTests.m */,
				1A1BC86E19268BC80080B22C /* Supporting Files */,
			);
			path = SimpleRSSTests;
			sourceTree = "<group>";
		};
		1A1BC86E19268BC80080B22C /* Supporting Files */ = {
			isa = PBXGroup;
			children = (
				1A1BC86F19268BC80080B22C /* SimpleRSSTests-Info.plist */,
				1A1BC87019268BC80080B22C /* InfoPlist.strings */,
			);
			name = "Supporting Files";
			sourceTree = "<group>";
		};
		1A1BC88B192750E90080B22C /* Extensions */ = {
			isa = PBXGroup;
			children = (
				1A1F8074192819A0004546BA /* GTMNSString+HTML.h */,
				1A1F8075192819A0004546BA /* GTMNSString+HTML.m */,
				1A1F8076192819A0004546BA /* NSString+HTML.h */,
				1A1F8077192819A0004546BA /* NSString+HTML.m */,
				1A1BC88D192751360080B22C /* NSDate+SML.h */,
				1A1BC88E192751360080B22C /* NSDate+SML.m */,
				1A1BC89019276CE80080B22C /* UIFont+SML.h */,
				1A1BC89119276CE80080B22C /* UIFont+SML.m */,
				1A1BC89319276FF70080B22C /* UILabel+SML.h */,
				1A1BC89419276FF70080B22C /* UILabel+SML.m */,
				1A1751AC195F1ED9007602D6 /* NSDictionary+SML.h */,
				1A1751AD195F1ED9007602D6 /* NSDictionary+SML.m */,
				1A22209219668C9D00572DC5 /* UIColor+SML.h */,
				1A22209319668C9D00572DC5 /* UIColor+SML.m */,
			);
			path = Extensions;
			sourceTree = "<group>";
		};
		1A1F807A1928ABD7004546BA /* CustomViews */ = {
			isa = PBXGroup;
			children = (
				1A1F807E1928B361004546BA /* SMLNavigationItem.h */,
				1A1F807F1928B361004546BA /* SMLNavigationItem.m */,
				1A1F80811928B5E8004546BA /* SMLNavigationBar.h */,
				1A1F80821928B5E8004546BA /* SMLNavigationBar.m */,
				1AA8000519C3574200141C8E /* SMLArticleTitleLabel.h */,
				1AA8000619C3574200141C8E /* SMLArticleTitleLabel.m */,
				1AA8000819C3579700141C8E /* SMLArticleTextLabel.h */,
				1AA8000919C3579700141C8E /* SMLArticleTextLabel.m */,
			);
			path = CustomViews;
			sourceTree = "<group>";
		};
		1A800AD8192C6F4000FFA05F /* Prototypes */ = {
			isa = PBXGroup;
			children = (
				1A800AD9192C6F5D00FFA05F /* SearchCell.xib */,
			);
			path = Prototypes;
			sourceTree = "<group>";
		};
		1AF8FF041927A1A80003C313 /* ViewControllers */ = {
			isa = PBXGroup;
			children = (
				1AF8FF081927A1F10003C313 /* SMLFeedsManagerTableViewController.h */,
				1AF8FF091927A1F10003C313 /* SMLFeedsManagerTableViewController.m */,
				1AF8FF051927A1A80003C313 /* SMLFeedItemsTableViewController.h */,
				1AF8FF061927A1A80003C313 /* SMLFeedItemsTableViewController.m */,
				1A1F806B1927E0C9004546BA /* SMLAddFeedTableViewController.h */,
				1A1F806C1927E0C9004546BA /* SMLAddFeedTableViewController.m */,
				1A5C651919C22C140054CAF6 /* SMLWebViewController.h */,
				1A5C651A19C22C140054CAF6 /* SMLWebViewController.m */,
				1A54FC9C19C344C50063EC63 /* SMLArticleViewController.h */,
				1A54FC9D19C344C50063EC63 /* SMLArticleViewController.m */,
			);
			path = ViewControllers;
			sourceTree = "<group>";
		};
/* End PBXGroup section */

/* Begin PBXNativeTarget section */
		1A1BC84119268BC70080B22C /* SimpleRSS */ = {
			isa = PBXNativeTarget;
			buildConfigurationList = 1A1BC87719268BC80080B22C /* Build configuration list for PBXNativeTarget "SimpleRSS" */;
			buildPhases = (
				7C70C82A25BA495EB1FA1BBB /* Check Pods Manifest.lock */,
				1A1BC83E19268BC70080B22C /* Sources */,
				1A1BC83F19268BC70080B22C /* Frameworks */,
				1A1BC84019268BC70080B22C /* Resources */,
				FB0FBA4484464371BEAEFB6E /* Copy Pods Resources */,
			);
			buildRules = (
			);
			dependencies = (
			);
			name = SimpleRSS;
			productName = SimpleRSS;
			productReference = 1A1BC84219268BC70080B22C /* SimpleRSS.app */;
			productType = "com.apple.product-type.application";
		};
		1A1BC86519268BC80080B22C /* SimpleRSSTests */ = {
			isa = PBXNativeTarget;
			buildConfigurationList = 1A1BC87A19268BC80080B22C /* Build configuration list for PBXNativeTarget "SimpleRSSTests" */;
			buildPhases = (
				1A1BC86219268BC80080B22C /* Sources */,
				1A1BC86319268BC80080B22C /* Frameworks */,
				1A1BC86419268BC80080B22C /* Resources */,
			);
			buildRules = (
			);
			dependencies = (
				1A1BC86C19268BC80080B22C /* PBXTargetDependency */,
			);
			name = SimpleRSSTests;
			productName = SimpleRSSTests;
			productReference = 1A1BC86619268BC80080B22C /* SimpleRSSTests.xctest */;
			productType = "com.apple.product-type.bundle.unit-test";
		};
/* End PBXNativeTarget section */

/* Begin PBXProject section */
		1A1BC83A19268BC70080B22C /* Project object */ = {
			isa = PBXProject;
			attributes = {
				CLASSPREFIX = SML;
				LastUpgradeCheck = 0510;
				ORGANIZATIONNAME = Simple;
				TargetAttributes = {
					1A1BC86519268BC80080B22C = {
						TestTargetID = 1A1BC84119268BC70080B22C;
					};
				};
			};
			buildConfigurationList = 1A1BC83D19268BC70080B22C /* Build configuration list for PBXProject "SimpleRSS" */;
			compatibilityVersion = "Xcode 3.2";
			developmentRegion = English;
			hasScannedForEncodings = 0;
			knownRegions = (
				en,
				Base,
			);
			mainGroup = 1A1BC83919268BC70080B22C;
			productRefGroup = 1A1BC84319268BC70080B22C /* Products */;
			projectDirPath = "";
			projectRoot = "";
			targets = (
				1A1BC84119268BC70080B22C /* SimpleRSS */,
				1A1BC86519268BC80080B22C /* SimpleRSSTests */,
			);
		};
/* End PBXProject section */

/* Begin PBXResourcesBuildPhase section */
		1A1BC84019268BC70080B22C /* Resources */ = {
			isa = PBXResourcesBuildPhase;
			buildActionMask = 2147483647;
			files = (
				1A1BC86119268BC80080B22C /* Images.xcassets in Resources */,
				1A800ADA192C6F5D00FFA05F /* SearchCell.xib in Resources */,
				1A1BC85019268BC70080B22C /* InfoPlist.strings in Resources */,
				1A1BC85919268BC70080B22C /* Main.storyboard in Resources */,
			);
			runOnlyForDeploymentPostprocessing = 0;
		};
		1A1BC86419268BC80080B22C /* Resources */ = {
			isa = PBXResourcesBuildPhase;
			buildActionMask = 2147483647;
			files = (
				1A1BC87219268BC80080B22C /* InfoPlist.strings in Resources */,
			);
			runOnlyForDeploymentPostprocessing = 0;
		};
/* End PBXResourcesBuildPhase section */

/* Begin PBXShellScriptBuildPhase section */
		7C70C82A25BA495EB1FA1BBB /* Check Pods Manifest.lock */ = {
			isa = PBXShellScriptBuildPhase;
			buildActionMask = 2147483647;
			files = (
			);
			inputPaths = (
			);
			name = "Check Pods Manifest.lock";
			outputPaths = (
			);
			runOnlyForDeploymentPostprocessing = 0;
			shellPath = /bin/sh;
			shellScript = "diff \"${PODS_ROOT}/../Podfile.lock\" \"${PODS_ROOT}/Manifest.lock\" > /dev/null\nif [[ $? != 0 ]] ; then\n    cat << EOM\nerror: The sandbox is not in sync with the Podfile.lock. Run 'pod install' or update your CocoaPods installation.\nEOM\n    exit 1\nfi\n";
			showEnvVarsInLog = 0;
		};
		FB0FBA4484464371BEAEFB6E /* Copy Pods Resources */ = {
			isa = PBXShellScriptBuildPhase;
			buildActionMask = 2147483647;
			files = (
			);
			inputPaths = (
			);
			name = "Copy Pods Resources";
			outputPaths = (
			);
			runOnlyForDeploymentPostprocessing = 0;
			shellPath = /bin/sh;
			shellScript = "\"${SRCROOT}/Pods/Pods-resources.sh\"\n";
			showEnvVarsInLog = 0;
		};
/* End PBXShellScriptBuildPhase section */

/* Begin PBXSourcesBuildPhase section */
		1A1BC83E19268BC70080B22C /* Sources */ = {
			isa = PBXSourcesBuildPhase;
			buildActionMask = 2147483647;
			files = (
				1A1BC89219276CE80080B22C /* UIFont+SML.m in Sources */,
				1A54FC9E19C344C50063EC63 /* SMLArticleViewController.m in Sources */,
				1A1BC85219268BC70080B22C /* main.m in Sources */,
				1A1F80831928B5E8004546BA /* SMLNavigationBar.m in Sources */,
				1A1751AE195F1ED9007602D6 /* NSDictionary+SML.m in Sources */,
				1A5C651B19C22C140054CAF6 /* SMLWebViewController.m in Sources */,
				1A1F8078192819A0004546BA /* GTMNSString+HTML.m in Sources */,
				1A1BC89519276FF70080B22C /* UILabel+SML.m in Sources */,
				1A1790FC19292ADD0069A64D /* _RSSItem.m in Sources */,
				1A17910219292AE90069A64D /* RSSFeed.m in Sources */,
				1AF8FF0A1927A1F10003C313 /* SMLFeedsManagerTableViewController.m in Sources */,
				1A1790E71929179C0069A64D /* SMLDataController.m in Sources */,
				1A1BC85619268BC70080B22C /* SMLAppDelegate.m in Sources */,
				1A1F80801928B361004546BA /* SMLNavigationItem.m in Sources */,
				1AA8000A19C3579700141C8E /* SMLArticleTextLabel.m in Sources */,
				1AF8FF071927A1A80003C313 /* SMLFeedItemsTableViewController.m in Sources */,
				1A22209419668C9D00572DC5 /* UIColor+SML.m in Sources */,
				1A1790FB19292ADD0069A64D /* _RSSFeed.m in Sources */,
				1A1790E3192916440069A64D /* SimpleRSS.xcdatamodeld in Sources */,
				1A1F806D1927E0C9004546BA /* SMLAddFeedTableViewController.m in Sources */,
				1AA8000719C3574200141C8E /* SMLArticleTitleLabel.m in Sources */,
				1A17910319292AE90069A64D /* RSSItem.m in Sources */,
				1A1F8079192819A0004546BA /* NSString+HTML.m in Sources */,
				1A1BC88F192751360080B22C /* NSDate+SML.m in Sources */,
				1A89A739192A6975008FC3AB /* SMLFetchedResultsControllerDataSource.m in Sources */,
			);
			runOnlyForDeploymentPostprocessing = 0;
		};
		1A1BC86219268BC80080B22C /* Sources */ = {
			isa = PBXSourcesBuildPhase;
			buildActionMask = 2147483647;
			files = (
				1A1BC87419268BC80080B22C /* SimpleRSSTests.m in Sources */,
			);
			runOnlyForDeploymentPostprocessing = 0;
		};
/* End PBXSourcesBuildPhase section */

/* Begin PBXTargetDependency section */
		1A1BC86C19268BC80080B22C /* PBXTargetDependency */ = {
			isa = PBXTargetDependency;
			target = 1A1BC84119268BC70080B22C /* SimpleRSS */;
			targetProxy = 1A1BC86B19268BC80080B22C /* PBXContainerItemProxy */;
		};
/* End PBXTargetDependency section */

/* Begin PBXVariantGroup section */
		1A1BC84E19268BC70080B22C /* InfoPlist.strings */ = {
			isa = PBXVariantGroup;
			children = (
				1A1BC84F19268BC70080B22C /* en */,
			);
			name = InfoPlist.strings;
			sourceTree = "<group>";
		};
		1A1BC85719268BC70080B22C /* Main.storyboard */ = {
			isa = PBXVariantGroup;
			children = (
				1A1BC85819268BC70080B22C /* Base */,
			);
			name = Main.storyboard;
			sourceTree = "<group>";
		};
		1A1BC87019268BC80080B22C /* InfoPlist.strings */ = {
			isa = PBXVariantGroup;
			children = (
				1A1BC87119268BC80080B22C /* en */,
			);
			name = InfoPlist.strings;
			sourceTree = "<group>";
		};
/* End PBXVariantGroup section */

/* Begin XCBuildConfiguration section */
		1A1BC87519268BC80080B22C /* Debug */ = {
			isa = XCBuildConfiguration;
			buildSettings = {
				ALWAYS_SEARCH_USER_PATHS = NO;
				CLANG_CXX_LANGUAGE_STANDARD = "gnu++0x";
				CLANG_CXX_LIBRARY = "libc++";
				CLANG_ENABLE_MODULES = YES;
				CLANG_ENABLE_OBJC_ARC = YES;
				CLANG_WARN_BOOL_CONVERSION = YES;
				CLANG_WARN_CONSTANT_CONVERSION = YES;
				CLANG_WARN_DIRECT_OBJC_ISA_USAGE = YES_ERROR;
				CLANG_WARN_EMPTY_BODY = YES;
				CLANG_WARN_ENUM_CONVERSION = YES;
				CLANG_WARN_INT_CONVERSION = YES;
				CLANG_WARN_OBJC_ROOT_CLASS = YES_ERROR;
				CLANG_WARN__DUPLICATE_METHOD_MATCH = YES;
				"CODE_SIGN_IDENTITY[sdk=iphoneos*]" = "iPhone Developer";
				COPY_PHASE_STRIP = NO;
				GCC_C_LANGUAGE_STANDARD = gnu99;
				GCC_DYNAMIC_NO_PIC = NO;
				GCC_OPTIMIZATION_LEVEL = 0;
				GCC_PREPROCESSOR_DEFINITIONS = (
					"DEBUG=1",
					"$(inherited)",
				);
				GCC_SYMBOLS_PRIVATE_EXTERN = NO;
				GCC_WARN_64_TO_32_BIT_CONVERSION = YES;
				GCC_WARN_ABOUT_RETURN_TYPE = YES_ERROR;
				GCC_WARN_UNDECLARED_SELECTOR = YES;
				GCC_WARN_UNINITIALIZED_AUTOS = YES_AGGRESSIVE;
				GCC_WARN_UNUSED_FUNCTION = YES;
				GCC_WARN_UNUSED_VARIABLE = YES;
				IPHONEOS_DEPLOYMENT_TARGET = 7.1;
				ONLY_ACTIVE_ARCH = YES;
				SDKROOT = iphoneos;
			};
			name = Debug;
		};
		1A1BC87619268BC80080B22C /* Release */ = {
			isa = XCBuildConfiguration;
			buildSettings = {
				ALWAYS_SEARCH_USER_PATHS = NO;
				CLANG_CXX_LANGUAGE_STANDARD = "gnu++0x";
				CLANG_CXX_LIBRARY = "libc++";
				CLANG_ENABLE_MODULES = YES;
				CLANG_ENABLE_OBJC_ARC = YES;
				CLANG_WARN_BOOL_CONVERSION = YES;
				CLANG_WARN_CONSTANT_CONVERSION = YES;
				CLANG_WARN_DIRECT_OBJC_ISA_USAGE = YES_ERROR;
				CLANG_WARN_EMPTY_BODY = YES;
				CLANG_WARN_ENUM_CONVERSION = YES;
				CLANG_WARN_INT_CONVERSION = YES;
				CLANG_WARN_OBJC_ROOT_CLASS = YES_ERROR;
				CLANG_WARN__DUPLICATE_METHOD_MATCH = YES;
				"CODE_SIGN_IDENTITY[sdk=iphoneos*]" = "iPhone Developer";
				COPY_PHASE_STRIP = YES;
				ENABLE_NS_ASSERTIONS = NO;
				GCC_C_LANGUAGE_STANDARD = gnu99;
				GCC_WARN_64_TO_32_BIT_CONVERSION = YES;
				GCC_WARN_ABOUT_RETURN_TYPE = YES_ERROR;
				GCC_WARN_UNDECLARED_SELECTOR = YES;
				GCC_WARN_UNINITIALIZED_AUTOS = YES_AGGRESSIVE;
				GCC_WARN_UNUSED_FUNCTION = YES;
				GCC_WARN_UNUSED_VARIABLE = YES;
				IPHONEOS_DEPLOYMENT_TARGET = 7.1;
				SDKROOT = iphoneos;
				VALIDATE_PRODUCT = YES;
			};
			name = Release;
		};
		1A1BC87819268BC80080B22C /* Debug */ = {
			isa = XCBuildConfiguration;
			baseConfigurationReference = CE43A00891F04CEF8572E781 /* Pods.xcconfig */;
			buildSettings = {
				ASSETCATALOG_COMPILER_APPICON_NAME = AppIcon;
				ASSETCATALOG_COMPILER_LAUNCHIMAGE_NAME = LaunchImage;
				GCC_PRECOMPILE_PREFIX_HEADER = YES;
				GCC_PREFIX_HEADER = "SimpleRSS/SimpleRSS-Prefix.pch";
				INFOPLIST_FILE = "SimpleRSS/SimpleRSS-Info.plist";
				IPHONEOS_DEPLOYMENT_TARGET = 7.0;
				PRODUCT_NAME = "$(TARGET_NAME)";
				WRAPPER_EXTENSION = app;
			};
			name = Debug;
		};
		1A1BC87919268BC80080B22C /* Release */ = {
			isa = XCBuildConfiguration;
			baseConfigurationReference = CE43A00891F04CEF8572E781 /* Pods.xcconfig */;
			buildSettings = {
				ASSETCATALOG_COMPILER_APPICON_NAME = AppIcon;
				ASSETCATALOG_COMPILER_LAUNCHIMAGE_NAME = LaunchImage;
				GCC_PRECOMPILE_PREFIX_HEADER = YES;
				GCC_PREFIX_HEADER = "SimpleRSS/SimpleRSS-Prefix.pch";
				INFOPLIST_FILE = "SimpleRSS/SimpleRSS-Info.plist";
				IPHONEOS_DEPLOYMENT_TARGET = 7.0;
				PRODUCT_NAME = "$(TARGET_NAME)";
				WRAPPER_EXTENSION = app;
			};
			name = Release;
		};
		1A1BC87B19268BC80080B22C /* Debug */ = {
			isa = XCBuildConfiguration;
			buildSettings = {
				BUNDLE_LOADER = "$(BUILT_PRODUCTS_DIR)/SimpleRSS.app/SimpleRSS";
				FRAMEWORK_SEARCH_PATHS = (
					"$(SDKROOT)/Developer/Library/Frameworks",
					"$(inherited)",
					"$(DEVELOPER_FRAMEWORKS_DIR)",
				);
				GCC_PRECOMPILE_PREFIX_HEADER = YES;
				GCC_PREFIX_HEADER = "SimpleRSS/SimpleRSS-Prefix.pch";
				GCC_PREPROCESSOR_DEFINITIONS = (
					"DEBUG=1",
					"$(inherited)",
				);
				INFOPLIST_FILE = "SimpleRSSTests/SimpleRSSTests-Info.plist";
				PRODUCT_NAME = "$(TARGET_NAME)";
				TEST_HOST = "$(BUNDLE_LOADER)";
				WRAPPER_EXTENSION = xctest;
			};
			name = Debug;
		};
		1A1BC87C19268BC80080B22C /* Release */ = {
			isa = XCBuildConfiguration;
			buildSettings = {
				BUNDLE_LOADER = "$(BUILT_PRODUCTS_DIR)/SimpleRSS.app/SimpleRSS";
				FRAMEWORK_SEARCH_PATHS = (
					"$(SDKROOT)/Developer/Library/Frameworks",
					"$(inherited)",
					"$(DEVELOPER_FRAMEWORKS_DIR)",
				);
				GCC_PRECOMPILE_PREFIX_HEADER = YES;
				GCC_PREFIX_HEADER = "SimpleRSS/SimpleRSS-Prefix.pch";
				INFOPLIST_FILE = "SimpleRSSTests/SimpleRSSTests-Info.plist";
				PRODUCT_NAME = "$(TARGET_NAME)";
				TEST_HOST = "$(BUNDLE_LOADER)";
				WRAPPER_EXTENSION = xctest;
			};
			name = Release;
		};
/* End XCBuildConfiguration section */

/* Begin XCConfigurationList section */
		1A1BC83D19268BC70080B22C /* Build configuration list for PBXProject "SimpleRSS" */ = {
			isa = XCConfigurationList;
			buildConfigurations = (
				1A1BC87519268BC80080B22C /* Debug */,
				1A1BC87619268BC80080B22C /* Release */,
			);
			defaultConfigurationIsVisible = 0;
			defaultConfigurationName = Release;
		};
		1A1BC87719268BC80080B22C /* Build configuration list for PBXNativeTarget "SimpleRSS" */ = {
			isa = XCConfigurationList;
			buildConfigurations = (
				1A1BC87819268BC80080B22C /* Debug */,
				1A1BC87919268BC80080B22C /* Release */,
			);
			defaultConfigurationIsVisible = 0;
			defaultConfigurationName = Release;
		};
		1A1BC87A19268BC80080B22C /* Build configuration list for PBXNativeTarget "SimpleRSSTests" */ = {
			isa = XCConfigurationList;
			buildConfigurations = (
				1A1BC87B19268BC80080B22C /* Debug */,
				1A1BC87C19268BC80080B22C /* Release */,
			);
			defaultConfigurationIsVisible = 0;
			defaultConfigurationName = Release;
		};
/* End XCConfigurationList section */

/* Begin XCVersionGroup section */
		1A1790E1192916440069A64D /* SimpleRSS.xcdatamodeld */ = {
			isa = XCVersionGroup;
			children = (
				1A1790E2192916440069A64D /* SimpleRSS.xcdatamodel */,
			);
			currentVersion = 1A1790E2192916440069A64D /* SimpleRSS.xcdatamodel */;
			path = SimpleRSS.xcdatamodeld;
			sourceTree = "<group>";
			versionGroupType = wrapper.xcdatamodel;
		};
/* End XCVersionGroup section */
	};
	rootObject = 1A1BC83A19268BC70080B22C /* Project object */;
}
